
Microsoft Visual Studio Solution File, Format Version 12.00
# Visual Studio Version 17
VisualStudioVersion = 17.2.32526.322
MinimumVisualStudioVersion = 10.0.40219.1
Project("{FAE04EC0-301F-11D3-BF4B-00C04F79EFBC}") = "Aula27_Bootstrap_e_Razor", "Aula27_Bootstrap_e_Razor\Aula27_Bootstrap_e_Razor.csproj", "{7117CF85-87B1-4ACB-A9C0-57C3BD67051C}"
EndProject
Global
	GlobalSection(SolutionConfigurationPlatforms) = preSolution
		Debug|Any CPU = Debug|Any CPU
		Release|Any CPU = Release|Any CPU
	EndGlobalSection
	GlobalSection(ProjectConfigurationPlatforms) = postSolution
		{7117CF85-87B1-4ACB-A9C0-57C3BD67051C}.Debug|Any CPU.ActiveCfg = Debug|Any CPU
		{7117CF85-87B1-4ACB-A9C0-57C3BD67051C}.Debug|Any CPU.Build.0 = Debug|Any CPU
		{7117CF85-87B1-4ACB-A9C0-57C3BD67051C}.Release|Any CPU.ActiveCfg = Release|Any CPU
		{7117CF85-87B1-4ACB-A9C0-57C3BD67051C}.Release|Any CPU.Build.0 = Release|Any CPU
	EndGlobalSection
	GlobalSection(SolutionProperties) = preSolution
		HideSolutionNode = FALSE
	EndGlobalSection
	GlobalSection(ExtensibilityGlobals) = postSolution
		SolutionGuid = {5D95EB81-C5CB-4A2E-AEF2-CB842B141522}
	EndGlobalSection
EndGlobal
